
Microsoft Visual Studio Solution File, Format Version 12.00
# Visual Studio Version 17
VisualStudioVersion = 17.0.31919.166
MinimumVisualStudioVersion = 10.0.40219.1
Project("{FAE04EC0-301F-11D3-BF4B-00C04F79EFBC}") = "Hotel Management System", "Hotel Management System\Hotel Management System.csproj", "{350EDCF5-A68C-4EDC-9BEB-64D8791CED02}"
EndProject
Global
	GlobalSection(SolutionConfigurationPlatforms) = preSolution
		Debug|Any CPU = Debug|Any CPU
		Release|Any CPU = Release|Any CPU
	EndGlobalSection
	GlobalSection(ProjectConfigurationPlatforms) = postSolution
		{350EDCF5-A68C-4EDC-9BEB-64D8791CED02}.Debug|Any CPU.ActiveCfg = Debug|Any CPU
		{350EDCF5-A68C-4EDC-9BEB-64D8791CED02}.Debug|Any CPU.Build.0 = Debug|Any CPU
		{350EDCF5-A68C-4EDC-9BEB-64D8791CED02}.Release|Any CPU.ActiveCfg = Release|Any CPU
		{350EDCF5-A68C-4EDC-9BEB-64D8791CED02}.Release|Any CPU.Build.0 = Release|Any CPU
	EndGlobalSection
	GlobalSection(SolutionProperties) = preSolution
		HideSolutionNode = FALSE
	EndGlobalSection
	GlobalSection(ExtensibilityGlobals) = postSolution
		SolutionGuid = {7DEE4141-4F92-4D42-863E-B36928642781}
	EndGlobalSection
EndGlobal
