
Microsoft Visual Studio Solution File, Format Version 12.00
# Visual Studio Version 17
VisualStudioVersion = 17.0.31919.166
MinimumVisualStudioVersion = 10.0.40219.1
Project("{FAE04EC0-301F-11D3-BF4B-00C04F79EFBC}") = "Making Specs", "Making Specs\Making Specs.csproj", "{372BAC1A-362A-4F2A-BD32-3B4219257613}"
EndProject
Global
	GlobalSection(SolutionConfigurationPlatforms) = preSolution
		Debug|Any CPU = Debug|Any CPU
		Release|Any CPU = Release|Any CPU
	EndGlobalSection
	GlobalSection(ProjectConfigurationPlatforms) = postSolution
		{372BAC1A-362A-4F2A-BD32-3B4219257613}.Debug|Any CPU.ActiveCfg = Debug|Any CPU
		{372BAC1A-362A-4F2A-BD32-3B4219257613}.Debug|Any CPU.Build.0 = Debug|Any CPU
		{372BAC1A-362A-4F2A-BD32-3B4219257613}.Release|Any CPU.ActiveCfg = Release|Any CPU
		{372BAC1A-362A-4F2A-BD32-3B4219257613}.Release|Any CPU.Build.0 = Release|Any CPU
	EndGlobalSection
	GlobalSection(SolutionProperties) = preSolution
		HideSolutionNode = FALSE
	EndGlobalSection
	GlobalSection(ExtensibilityGlobals) = postSolution
		SolutionGuid = {304AB3E2-1341-40CD-9465-ED872F98C66A}
	EndGlobalSection
EndGlobal
