
Microsoft Visual Studio Solution File, Format Version 12.00
# Visual Studio Version 17
VisualStudioVersion = 17.0.31919.166
MinimumVisualStudioVersion = 10.0.40219.1
Project("{FAE04EC0-301F-11D3-BF4B-00C04F79EFBC}") = "Lab Week 9", "Lab Week 9\Lab Week 9.csproj", "{01BE127A-CAC2-4C0A-9805-CEB7E6880037}"
EndProject
Global
	GlobalSection(SolutionConfigurationPlatforms) = preSolution
		Debug|Any CPU = Debug|Any CPU
		Release|Any CPU = Release|Any CPU
	EndGlobalSection
	GlobalSection(ProjectConfigurationPlatforms) = postSolution
		{01BE127A-CAC2-4C0A-9805-CEB7E6880037}.Debug|Any CPU.ActiveCfg = Debug|Any CPU
		{01BE127A-CAC2-4C0A-9805-CEB7E6880037}.Debug|Any CPU.Build.0 = Debug|Any CPU
		{01BE127A-CAC2-4C0A-9805-CEB7E6880037}.Release|Any CPU.ActiveCfg = Release|Any CPU
		{01BE127A-CAC2-4C0A-9805-CEB7E6880037}.Release|Any CPU.Build.0 = Release|Any CPU
	EndGlobalSection
	GlobalSection(SolutionProperties) = preSolution
		HideSolutionNode = FALSE
	EndGlobalSection
	GlobalSection(ExtensibilityGlobals) = postSolution
		SolutionGuid = {910B7830-E690-4442-A4FA-1D1120DD0263}
	EndGlobalSection
EndGlobal
